PODS:
  - SDWebImage (5.12.3):
    - SDWebImage/Core (= 5.12.3)
  - SDWebImage/Core (5.12.3)
  - ZBWCategories (0.1.8):
    - SDWebImage
    - "ZBWCategories/NSFoundation+ZBWCategory (= 0.1.8)"
    - "ZBWCategories/UIKit+ZBWCategory (= 0.1.8)"
    - ZBWJson
  - "ZBWCategories/NSFoundation+ZBWCategory (0.1.8)":
    - SDWebImage
    - "ZBWCategories/NSFoundation+ZBWCategory/NSObject+ZBWCategory (= 0.1.8)"
    - ZBWJson
  - "ZBWCategories/NSFoundation+ZBWCategory/NSObject+ZBWCategory (0.1.8)":
    - SDWebImage
    - ZBWJson
  - "ZBWCategories/UIKit+ZBWCategory (0.1.8)":
    - SDWebImage
    - ZBWJson
  - ZBWCommon (0.0.1):
    - ZBWCategories
  - ZBWJson (0.0.11)

DEPENDENCIES:
  - ZBWCommon (from `../`)

SPEC REPOS:
  trunk:
    - SDWebImage
    - ZBWCategories
    - ZBWJson

EXTERNAL SOURCES:
  ZBWCommon:
    :path: "../"

SPEC CHECKSUMS:
  SDWebImage: 53179a2dba77246efa8a9b85f5c5b21f8f43e38f
  ZBWCategories: 437272594c663c5fdd6045b4a2895a00c1aec704
  ZBWCommon: 66a48859c10752b1b0cfd7152bad9c8a3392bfd2
  ZBWJson: 500456abe901e9756f8290e64e63ba1dd9cb70bb

PODFILE CHECKSUM: 61d4ea44a195047094d828daf5d53e561a33fdeb

COCOAPODS: 1.11.2
